{
  "nodes": {
    "fx-autoconfig": {
      "flake": false,
      "locked": {
        "lastModified": 1784800794,
        "narHash": "sha256-bpOt/fD8zZiKbb2sRQHl7eobuGklY9c2QI/jmYi9WE4=",
        "owner": "MrOtherGuy",
        "repo": "fx-autoconfig",
        "rev": "dfdab5684faffc112b76ccb1d8cab7f75da0102c",
        "type": "github"
      },
      "original": {
        "owner": "MrOtherGuy",
        "repo": "fx-autoconfig",
        "type": "github"
      }
    },
    "nixpkgs": {
      "locked": {
        "lastModified": 1790822859,
        "narHash": "sha256-69xHQhAeMAD2wDXO7T2pcOZIF9Sga2W+JkmY2a11Ops=",
        "owner": "NixOS",
        "repo": "nixpkgs",
        "rev": "c59305bab2065cfecc4944690d9eedbb56f3a9fa",
        "type": "github"
      },
      "original": {
        "owner": "NixOS",
        "ref": "nixos-unstable",
        "repo": "nixpkgs",
        "type": "github"
      }
    },
    "root": {
      "inputs": {
        "fx-autoconfig": "fx-autoconfig",
        "nixpkgs": "nixpkgs"
      }
    }
  },
  "root": "root",
  "version": 7
}
